
Microsoft Visual Studio Solution File, Format Version 12.00
# Visual Studio Version 17
VisualStudioVersion = 17.4.33110.190
MinimumVisualStudioVersion = 10.0.40219.1
Project("{FAE04EC0-301F-11D3-BF4B-00C04F79EFBC}") = "Demo.RunExchangeOnlinePowershell", "Demo.RunExchangeOnlinePowershell\Demo.RunExchangeOnlinePowershell.csproj", "{F8B78871-4FB7-45A3-8CC7-85A9C17EFDF6}"
EndProject
Global
	GlobalSection(SolutionConfigurationPlatforms) = preSolution
		Debug|Any CPU = Debug|Any CPU
		Release|Any CPU = Release|Any CPU
	EndGlobalSection
	GlobalSection(ProjectConfigurationPlatforms) = postSolution
		{F8B78871-4FB7-45A3-8CC7-85A9C17EFDF6}.Debug|Any CPU.ActiveCfg = Debug|Any CPU
		{F8B78871-4FB7-45A3-8CC7-85A9C17EFDF6}.Debug|Any CPU.Build.0 = Debug|Any CPU
		{F8B78871-4FB7-45A3-8CC7-85A9C17EFDF6}.Release|Any CPU.ActiveCfg = Release|Any CPU
		{F8B78871-4FB7-45A3-8CC7-85A9C17EFDF6}.Release|Any CPU.Build.0 = Release|Any CPU
	EndGlobalSection
	GlobalSection(SolutionProperties) = preSolution
		HideSolutionNode = FALSE
	EndGlobalSection
	GlobalSection(ExtensibilityGlobals) = postSolution
		SolutionGuid = {50DF3D7E-2D43-4686-B35D-7DA1E6039FA0}
	EndGlobalSection
EndGlobal
